
Microsoft Visual Studio Solution File, Format Version 12.00
# Visual Studio Version 16
VisualStudioVersion = 16.0.29009.5
MinimumVisualStudioVersion = 10.0.40219.1
Project("{9A19103F-16F7-4668-BE54-9A1E7A4F7556}") = "SimplyBooks.Web", "SimplyBooks.Web\SimplyBooks.Web.csproj", "{3A5F261C-3ECD-4B71-8CF4-693A155F5C84}"
EndProject
Project("{9A19103F-16F7-4668-BE54-9A1E7A4F7556}") = "SimplyBooks.Domain", "SimplyBooks.Domain\SimplyBooks.Domain.csproj", "{49179DEC-5425-47B5-B033-1E29F4765C08}"
EndProject
Project("{9A19103F-16F7-4668-BE54-9A1E7A4F7556}") = "SimplyBooks.Services", "SimplyBooks.Services\SimplyBooks.Services.csproj", "{227CBBB8-C3E5-4444-AA5A-8106F895B172}"
EndProject
Project("{9A19103F-16F7-4668-BE54-9A1E7A4F7556}") = "SimplyBooks.Repository", "SimplyBooks.Repository\SimplyBooks.Repository.csproj", "{26082DC3-40A8-4267-9969-88A97B8CF7D7}"
EndProject
Project("{2150E333-8FDC-42A3-9474-1A3956D46DE8}") = "Tests", "Tests", "{D6F8CD4A-5740-4B29-BB2E-E10AB86F390A}"
EndProject
Project("{9A19103F-16F7-4668-BE54-9A1E7A4F7556}") = "SimpleBooks.Api.Tests.ControllerTests", "SimpleBooks.Api.Tests.ControllerTests\SimpleBooks.Api.Tests.ControllerTests.csproj", "{0307B1F4-BBCC-4A3E-8301-875388F389D6}"
EndProject
Project("{FAE04EC0-301F-11D3-BF4B-00C04F79EFBC}") = "SimplyBooks.Api.Tests.Common", "SimplyBooks.Api.Tests.Common\SimplyBooks.Api.Tests.Common.csproj", "{FDA8C1CF-F111-48CB-995C-4F8CFE2DD5BF}"
EndProject
Global
	GlobalSection(SolutionConfigurationPlatforms) = preSolution
		Debug|Any CPU = Debug|Any CPU
		Release|Any CPU = Release|Any CPU
	EndGlobalSection
	GlobalSection(ProjectConfigurationPlatforms) = postSolution
		{3A5F261C-3ECD-4B71-8CF4-693A155F5C84}.Debug|Any CPU.ActiveCfg = Debug|Any CPU
		{3A5F261C-3ECD-4B71-8CF4-693A155F5C84}.Debug|Any CPU.Build.0 = Debug|Any CPU
		{3A5F261C-3ECD-4B71-8CF4-693A155F5C84}.Release|Any CPU.ActiveCfg = Release|Any CPU
		{3A5F261C-3ECD-4B71-8CF4-693A155F5C84}.Release|Any CPU.Build.0 = Release|Any CPU
		{49179DEC-5425-47B5-B033-1E29F4765C08}.Debug|Any CPU.ActiveCfg = Debug|Any CPU
		{49179DEC-5425-47B5-B033-1E29F4765C08}.Debug|Any CPU.Build.0 = Debug|Any CPU
		{49179DEC-5425-47B5-B033-1E29F4765C08}.Release|Any CPU.ActiveCfg = Release|Any CPU
		{49179DEC-5425-47B5-B033-1E29F4765C08}.Release|Any CPU.Build.0 = Release|Any CPU
		{227CBBB8-C3E5-4444-AA5A-8106F895B172}.Debug|Any CPU.ActiveCfg = Debug|Any CPU
		{227CBBB8-C3E5-4444-AA5A-8106F895B172}.Debug|Any CPU.Build.0 = Debug|Any CPU
		{227CBBB8-C3E5-4444-AA5A-8106F895B172}.Release|Any CPU.ActiveCfg = Release|Any CPU
		{227CBBB8-C3E5-4444-AA5A-8106F895B172}.Release|Any CPU.Build.0 = Release|Any CPU
		{26082DC3-40A8-4267-9969-88A97B8CF7D7}.Debug|Any CPU.ActiveCfg = Debug|Any CPU
		{26082DC3-40A8-4267-9969-88A97B8CF7D7}.Debug|Any CPU.Build.0 = Debug|Any CPU
		{26082DC3-40A8-4267-9969-88A97B8CF7D7}.Release|Any CPU.ActiveCfg = Release|Any CPU
		{26082DC3-40A8-4267-9969-88A97B8CF7D7}.Release|Any CPU.Build.0 = Release|Any CPU
		{0307B1F4-BBCC-4A3E-8301-875388F389D6}.Debug|Any CPU.ActiveCfg = Debug|Any CPU
		{0307B1F4-BBCC-4A3E-8301-875388F389D6}.Debug|Any CPU.Build.0 = Debug|Any CPU
		{0307B1F4-BBCC-4A3E-8301-875388F389D6}.Release|Any CPU.ActiveCfg = Release|Any CPU
		{0307B1F4-BBCC-4A3E-8301-875388F389D6}.Release|Any CPU.Build.0 = Release|Any CPU
		{FDA8C1CF-F111-48CB-995C-4F8CFE2DD5BF}.Debug|Any CPU.ActiveCfg = Debug|Any CPU
		{FDA8C1CF-F111-48CB-995C-4F8CFE2DD5BF}.Debug|Any CPU.Build.0 = Debug|Any CPU
		{FDA8C1CF-F111-48CB-995C-4F8CFE2DD5BF}.Release|Any CPU.ActiveCfg = Release|Any CPU
		{FDA8C1CF-F111-48CB-995C-4F8CFE2DD5BF}.Release|Any CPU.Build.0 = Release|Any CPU
	EndGlobalSection
	GlobalSection(SolutionProperties) = preSolution
		HideSolutionNode = FALSE
	EndGlobalSection
	GlobalSection(NestedProjects) = preSolution
		{0307B1F4-BBCC-4A3E-8301-875388F389D6} = {D6F8CD4A-5740-4B29-BB2E-E10AB86F390A}
		{FDA8C1CF-F111-48CB-995C-4F8CFE2DD5BF} = {D6F8CD4A-5740-4B29-BB2E-E10AB86F390A}
	EndGlobalSection
	GlobalSection(ExtensibilityGlobals) = postSolution
		SolutionGuid = {A62CBD50-B865-41E7-986A-7B4C88854E6A}
	EndGlobalSection
EndGlobal
